// !$*UTF8*$!
{
	archiveVersion = 1;
	classes = {
	};
	objectVersion = 46;
	objects = {

/* Begin PBXBuildFile section */
		04A47D4C1B0A141700CD74C2 /* AppDelegate.swift in Sources */ = {isa = PBXBuildFile; fileRef = 04A47D4B1B0A141700CD74C2 /* AppDelegate.swift */; };
		04A47D4E1B0A141700CD74C2 /* ViewController.swift in Sources */ = {isa = PBXBuildFile; fileRef = 04A47D4D1B0A141700CD74C2 /* ViewController.swift */; };
		04A47D511B0A141700CD74C2 /* Main.storyboard in Resources */ = {isa = PBXBuildFile; fileRef = 04A47D4F1B0A141700CD74C2 /* Main.storyboard */; };
		04A47D531B0A141700CD74C2 /* Images.xcassets in Resources */ = {isa = PBXBuildFile; fileRef = 04A47D521B0A141700CD74C2 /* Images.xcassets */; };
		04A47D561B0A141700CD74C2 /* LaunchScreen.xib in Resources */ = {isa = PBXBuildFile; fileRef = 04A47D541B0A141700CD74C2 /* LaunchScreen.xib */; };
		04A47D621B0A141700CD74C2 /* CycleViewDemoTests.swift in Sources */ = {isa = PBXBuildFile; fileRef = 04A47D611B0A141700CD74C2 /* CycleViewDemoTests.swift */; };
		04A47DC91B0A1C0F00CD74C2 /* 01.jpg in Resources */ = {isa = PBXBuildFile; fileRef = 04A47DBF1B0A1C0F00CD74C2 /* 01.jpg */; };
		04A47DCA1B0A1C0F00CD74C2 /* 02.jpg in Resources */ = {isa = PBXBuildFile; fileRef = 04A47DC01B0A1C0F00CD74C2 /* 02.jpg */; };
		04A47DCB1B0A1C0F00CD74C2 /* 03.jpg in Resources */ = {isa = PBXBuildFile; fileRef = 04A47DC11B0A1C0F00CD74C2 /* 03.jpg */; };
		04A47DCC1B0A1C0F00CD74C2 /* 04.jpg in Resources */ = {isa = PBXBuildFile; fileRef = 04A47DC21B0A1C0F00CD74C2 /* 04.jpg */; };
		04A47DCD1B0A1C0F00CD74C2 /* 05.jpg in Resources */ = {isa = PBXBuildFile; fileRef = 04A47DC31B0A1C0F00CD74C2 /* 05.jpg */; };
		04A47DCE1B0A1C0F00CD74C2 /* 06.jpg in Resources */ = {isa = PBXBuildFile; fileRef = 04A47DC41B0A1C0F00CD74C2 /* 06.jpg */; };
		04A47DCF1B0A1C0F00CD74C2 /* 07.jpg in Resources */ = {isa = PBXBuildFile; fileRef = 04A47DC51B0A1C0F00CD74C2 /* 07.jpg */; };
		04A47DD01B0A1C0F00CD74C2 /* 08.jpg in Resources */ = {isa = PBXBuildFile; fileRef = 04A47DC61B0A1C0F00CD74C2 /* 08.jpg */; };
		04A47DD11B0A1C0F00CD74C2 /* 09.jpg in Resources */ = {isa = PBXBuildFile; fileRef = 04A47DC71B0A1C0F00CD74C2 /* 09.jpg */; };
		04A47DD21B0A1C0F00CD74C2 /* 10.jpg in Resources */ = {isa = PBXBuildFile; fileRef = 04A47DC81B0A1C0F00CD74C2 /* 10.jpg */; };
		7677356B1B154E71005B60C6 /* AnimatorViewController.swift in Sources */ = {isa = PBXBuildFile; fileRef = 7677356A1B154E71005B60C6 /* AnimatorViewController.swift */; };
		76B220401B0CB6A9007F667C /* PictureViewController.swift in Sources */ = {isa = PBXBuildFile; fileRef = 76B2203F1B0CB6A9007F667C /* PictureViewController.swift */; };
/* End PBXBuildFile section */

/* Begin PBXContainerItemProxy section */
		04A47D5C1B0A141700CD74C2 /* PBXContainerItemProxy */ = {
			isa = PBXContainerItemProxy;
			containerPortal = 04A47D3E1B0A141700CD74C2 /* Project object */;
			proxyType = 1;
			remoteGlobalIDString = 04A47D451B0A141700CD74C2;
			remoteInfo = CycleViewDemo;
		};
/* End PBXContainerItemProxy section */

/* Begin PBXFileReference section */
		04A47D461B0A141700CD74C2 /* CycleViewDemo.app */ = {isa = PBXFileReference; explicitFileType = wrapper.application; includeInIndex = 0; path = CycleViewDemo.app; sourceTree = BUILT_PRODUCTS_DIR; };
		04A47D4A1B0A141700CD74C2 /* Info.plist */ = {isa = PBXFileReference; lastKnownFileType = text.plist.xml; path = Info.plist; sourceTree = "<group>"; };
		04A47D4B1B0A141700CD74C2 /* AppDelegate.swift */ = {isa = PBXFileReference; lastKnownFileType = sourcecode.swift; path = AppDelegate.swift; sourceTree = "<group>"; };
		04A47D4D1B0A141700CD74C2 /* ViewController.swift */ = {isa = PBXFileReference; lastKnownFileType = sourcecode.swift; path = ViewController.swift; sourceTree = "<group>"; };
		04A47D501B0A141700CD74C2 /* Base */ = {isa = PBXFileReference; lastKnownFileType = file.storyboard; name = Base; path = Base.lproj/Main.storyboard; sourceTree = "<group>"; };
		04A47D521B0A141700CD74C2 /* Images.xcassets */ = {isa = PBXFileReference; lastKnownFileType = folder.assetcatalog; path = Images.xcassets; sourceTree = "<group>"; };
		04A47D551B0A141700CD74C2 /* Base */ = {isa = PBXFileReference; lastKnownFileType = file.xib; name = Base; path = Base.lproj/LaunchScreen.xib; sourceTree = "<group>"; };
		04A47D5B1B0A141700CD74C2 /* CycleViewDemoTests.xctest */ = {isa = PBXFileReference; explicitFileType = wrapper.cfbundle; includeInIndex = 0; path = CycleViewDemoTests.xctest; sourceTree = BUILT_PRODUCTS_DIR; };
		04A47D601B0A141700CD74C2 /* Info.plist */ = {isa = PBXFileReference; lastKnownFileType = text.plist.xml; path = Info.plist; sourceTree = "<group>"; };
		04A47D611B0A141700CD74C2 /* CycleViewDemoTests.swift */ = {isa = PBXFileReference; lastKnownFileType = sourcecode.swift; path = CycleViewDemoTests.swift; sourceTree = "<group>"; };
		04A47DBF1B0A1C0F00CD74C2 /* 01.jpg */ = {isa = PBXFileReference; lastKnownFileType = image.jpeg; path = 01.jpg; sourceTree = "<group>"; };
		04A47DC01B0A1C0F00CD74C2 /* 02.jpg */ = {isa = PBXFileReference; lastKnownFileType = image.jpeg; path = 02.jpg; sourceTree = "<group>"; };
		04A47DC11B0A1C0F00CD74C2 /* 03.jpg */ = {isa = PBXFileReference; lastKnownFileType = image.jpeg; path = 03.jpg; sourceTree = "<group>"; };
		04A47DC21B0A1C0F00CD74C2 /* 04.jpg */ = {isa = PBXFileReference; lastKnownFileType = image.jpeg; path = 04.jpg; sourceTree = "<group>"; };
		04A47DC31B0A1C0F00CD74C2 /* 05.jpg */ = {isa = PBXFileReference; lastKnownFileType = image.jpeg; path = 05.jpg; sourceTree = "<group>"; };
		04A47DC41B0A1C0F00CD74C2 /* 06.jpg */ = {isa = PBXFileReference; lastKnownFileType = image.jpeg; path = 06.jpg; sourceTree = "<group>"; };
		04A47DC51B0A1C0F00CD74C2 /* 07.jpg */ = {isa = PBXFileReference; lastKnownFileType = image.jpeg; path = 07.jpg; sourceTree = "<group>"; };
		04A47DC61B0A1C0F00CD74C2 /* 08.jpg */ = {isa = PBXFileReference; lastKnownFileType = image.jpeg; path = 08.jpg; sourceTree = "<group>"; };
		04A47DC71B0A1C0F00CD74C2 /* 09.jpg */ = {isa = PBXFileReference; lastKnownFileType = image.jpeg; path = 09.jpg; sourceTree = "<group>"; };
		04A47DC81B0A1C0F00CD74C2 /* 10.jpg */ = {isa = PBXFileReference; lastKnownFileType = image.jpeg; path = 10.jpg; sourceTree = "<group>"; };
		7677356A1B154E71005B60C6 /* AnimatorViewController.swift */ = {isa = PBXFileReference; fileEncoding = 4; lastKnownFileType = sourcecode.swift; path = AnimatorViewController.swift; sourceTree = "<group>"; };
		76B2203F1B0CB6A9007F667C /* PictureViewController.swift */ = {isa = PBXFileReference; fileEncoding = 4; lastKnownFileType = sourcecode.swift; path = PictureViewController.swift; sourceTree = "<group>"; };
/* End PBXFileReference section */

/* Begin PBXFrameworksBuildPhase section */
		04A47D431B0A141700CD74C2 /* Frameworks */ = {
			isa = PBXFrameworksBuildPhase;
			buildActionMask = 2147483647;
			files = (
			);
			runOnlyForDeploymentPostprocessing = 0;
		};
		04A47D581B0A141700CD74C2 /* Frameworks */ = {
			isa = PBXFrameworksBuildPhase;
			buildActionMask = 2147483647;
			files = (
			);
			runOnlyForDeploymentPostprocessing = 0;
		};
/* End PBXFrameworksBuildPhase section */

/* Begin PBXGroup section */
		04A47D3D1B0A141700CD74C2 = {
			isa = PBXGroup;
			children = (
				04A47D481B0A141700CD74C2 /* CycleViewDemo */,
				04A47D5E1B0A141700CD74C2 /* CycleViewDemoTests */,
				04A47D471B0A141700CD74C2 /* Products */,
			);
			sourceTree = "<group>";
		};
		04A47D471B0A141700CD74C2 /* Products */ = {
			isa = PBXGroup;
			children = (
				04A47D461B0A141700CD74C2 /* CycleViewDemo.app */,
				04A47D5B1B0A141700CD74C2 /* CycleViewDemoTests.xctest */,
			);
			name = Products;
			sourceTree = "<group>";
		};
		04A47D481B0A141700CD74C2 /* CycleViewDemo */ = {
			isa = PBXGroup;
			children = (
				04A47D4B1B0A141700CD74C2 /* AppDelegate.swift */,
				04A47D4D1B0A141700CD74C2 /* ViewController.swift */,
				04A47D4F1B0A141700CD74C2 /* Main.storyboard */,
				7677356A1B154E71005B60C6 /* AnimatorViewController.swift */,
				76B2203F1B0CB6A9007F667C /* PictureViewController.swift */,
				04A47D521B0A141700CD74C2 /* Images.xcassets */,
				04A47D541B0A141700CD74C2 /* LaunchScreen.xib */,
				04A47D491B0A141700CD74C2 /* Supporting Files */,
			);
			path = CycleViewDemo;
			sourceTree = "<group>";
		};
		04A47D491B0A141700CD74C2 /* Supporting Files */ = {
			isa = PBXGroup;
			children = (
				04A47DBE1B0A1C0F00CD74C2 /* images */,
				04A47D4A1B0A141700CD74C2 /* Info.plist */,
			);
			name = "Supporting Files";
			sourceTree = "<group>";
		};
		04A47D5E1B0A141700CD74C2 /* CycleViewDemoTests */ = {
			isa = PBXGroup;
			children = (
				04A47D611B0A141700CD74C2 /* CycleViewDemoTests.swift */,
				04A47D5F1B0A141700CD74C2 /* Supporting Files */,
			);
			path = CycleViewDemoTests;
			sourceTree = "<group>";
		};
		04A47D5F1B0A141700CD74C2 /* Supporting Files */ = {
			isa = PBXGroup;
			children = (
				04A47D601B0A141700CD74C2 /* Info.plist */,
			);
			name = "Supporting Files";
			sourceTree = "<group>";
		};
		04A47DBE1B0A1C0F00CD74C2 /* images */ = {
			isa = PBXGroup;
			children = (
				04A47DBF1B0A1C0F00CD74C2 /* 01.jpg */,
				04A47DC01B0A1C0F00CD74C2 /* 02.jpg */,
				04A47DC11B0A1C0F00CD74C2 /* 03.jpg */,
				04A47DC21B0A1C0F00CD74C2 /* 04.jpg */,
				04A47DC31B0A1C0F00CD74C2 /* 05.jpg */,
				04A47DC41B0A1C0F00CD74C2 /* 06.jpg */,
				04A47DC51B0A1C0F00CD74C2 /* 07.jpg */,
				04A47DC61B0A1C0F00CD74C2 /* 08.jpg */,
				04A47DC71B0A1C0F00CD74C2 /* 09.jpg */,
				04A47DC81B0A1C0F00CD74C2 /* 10.jpg */,
			);
			path = images;
			sourceTree = "<group>";
		};
/* End PBXGroup section */

/* Begin PBXNativeTarget section */
		04A47D451B0A141700CD74C2 /* CycleViewDemo */ = {
			isa = PBXNativeTarget;
			buildConfigurationList = 04A47D651B0A141700CD74C2 /* Build configuration list for PBXNativeTarget "CycleViewDemo" */;
			buildPhases = (
				04A47D421B0A141700CD74C2 /* Sources */,
				04A47D431B0A141700CD74C2 /* Frameworks */,
				04A47D441B0A141700CD74C2 /* Resources */,
			);
			buildRules = (
			);
			dependencies = (
			);
			name = CycleViewDemo;
			productName = CycleViewDemo;
			productReference = 04A47D461B0A141700CD74C2 /* CycleViewDemo.app */;
			productType = "com.apple.product-type.application";
		};
		04A47D5A1B0A141700CD74C2 /* CycleViewDemoTests */ = {
			isa = PBXNativeTarget;
			buildConfigurationList = 04A47D681B0A141700CD74C2 /* Build configuration list for PBXNativeTarget "CycleViewDemoTests" */;
			buildPhases = (
				04A47D571B0A141700CD74C2 /* Sources */,
				04A47D581B0A141700CD74C2 /* Frameworks */,
				04A47D591B0A141700CD74C2 /* Resources */,
			);
			buildRules = (
			);
			dependencies = (
				04A47D5D1B0A141700CD74C2 /* PBXTargetDependency */,
			);
			name = CycleViewDemoTests;
			productName = CycleViewDemoTests;
			productReference = 04A47D5B1B0A141700CD74C2 /* CycleViewDemoTests.xctest */;
			productType = "com.apple.product-type.bundle.unit-test";
		};
/* End PBXNativeTarget section */

/* Begin PBXProject section */
		04A47D3E1B0A141700CD74C2 /* Project object */ = {
			isa = PBXProject;
			attributes = {
				LastUpgradeCheck = 0610;
				ORGANIZATIONNAME = Sariel;
				TargetAttributes = {
					04A47D451B0A141700CD74C2 = {
						CreatedOnToolsVersion = 6.1.1;
					};
					04A47D5A1B0A141700CD74C2 = {
						CreatedOnToolsVersion = 6.1.1;
						TestTargetID = 04A47D451B0A141700CD74C2;
					};
				};
			};
			buildConfigurationList = 04A47D411B0A141700CD74C2 /* Build configuration list for PBXProject "CycleViewDemo" */;
			compatibilityVersion = "Xcode 3.2";
			developmentRegion = English;
			hasScannedForEncodings = 0;
			knownRegions = (
				en,
				Base,
			);
			mainGroup = 04A47D3D1B0A141700CD74C2;
			productRefGroup = 04A47D471B0A141700CD74C2 /* Products */;
			projectDirPath = "";
			projectRoot = "";
			targets = (
				04A47D451B0A141700CD74C2 /* CycleViewDemo */,
				04A47D5A1B0A141700CD74C2 /* CycleViewDemoTests */,
			);
		};
/* End PBXProject section */

/* Begin PBXResourcesBuildPhase section */
		04A47D441B0A141700CD74C2 /* Resources */ = {
			isa = PBXResourcesBuildPhase;
			buildActionMask = 2147483647;
			files = (
				04A47DD21B0A1C0F00CD74C2 /* 10.jpg in Resources */,
				04A47DCF1B0A1C0F00CD74C2 /* 07.jpg in Resources */,
				04A47DCB1B0A1C0F00CD74C2 /* 03.jpg in Resources */,
				04A47DD01B0A1C0F00CD74C2 /* 08.jpg in Resources */,
				04A47DCA1B0A1C0F00CD74C2 /* 02.jpg in Resources */,
				04A47DCD1B0A1C0F00CD74C2 /* 05.jpg in Resources */,
				04A47DCE1B0A1C0F00CD74C2 /* 06.jpg in Resources */,
				04A47DD11B0A1C0F00CD74C2 /* 09.jpg in Resources */,
				04A47D511B0A141700CD74C2 /* Main.storyboard in Resources */,
				04A47D561B0A141700CD74C2 /* LaunchScreen.xib in Resources */,
				04A47DCC1B0A1C0F00CD74C2 /* 04.jpg in Resources */,
				04A47DC91B0A1C0F00CD74C2 /* 01.jpg in Resources */,
				04A47D531B0A141700CD74C2 /* Images.xcassets in Resources */,
			);
			runOnlyForDeploymentPostprocessing = 0;
		};
		04A47D591B0A141700CD74C2 /* Resources */ = {
			isa = PBXResourcesBuildPhase;
			buildActionMask = 2147483647;
			files = (
			);
			runOnlyForDeploymentPostprocessing = 0;
		};
/* End PBXResourcesBuildPhase section */

/* Begin PBXSourcesBuildPhase section */
		04A47D421B0A141700CD74C2 /* Sources */ = {
			isa = PBXSourcesBuildPhase;
			buildActionMask = 2147483647;
			files = (
				76B220401B0CB6A9007F667C /* PictureViewController.swift in Sources */,
				7677356B1B154E71005B60C6 /* AnimatorViewController.swift in Sources */,
				04A47D4E1B0A141700CD74C2 /* ViewController.swift in Sources */,
				04A47D4C1B0A141700CD74C2 /* AppDelegate.swift in Sources */,
			);
			runOnlyForDeploymentPostprocessing = 0;
		};
		04A47D571B0A141700CD74C2 /* Sources */ = {
			isa = PBXSourcesBuildPhase;
			buildActionMask = 2147483647;
			files = (
				04A47D621B0A141700CD74C2 /* CycleViewDemoTests.swift in Sources */,
			);
			runOnlyForDeploymentPostprocessing = 0;
		};
/* End PBXSourcesBuildPhase section */

/* Begin PBXTargetDependency section */
		04A47D5D1B0A141700CD74C2 /* PBXTargetDependency */ = {
			isa = PBXTargetDependency;
			target = 04A47D451B0A141700CD74C2 /* CycleViewDemo */;
			targetProxy = 04A47D5C1B0A141700CD74C2 /* PBXContainerItemProxy */;
		};
/* End PBXTargetDependency section */

/* Begin PBXVariantGroup section */
		04A47D4F1B0A141700CD74C2 /* Main.storyboard */ = {
			isa = PBXVariantGroup;
			children = (
				04A47D501B0A141700CD74C2 /* Base */,
			);
			name = Main.storyboard;
			sourceTree = "<group>";
		};
		04A47D541B0A141700CD74C2 /* LaunchScreen.xib */ = {
			isa = PBXVariantGroup;
			children = (
				04A47D551B0A141700CD74C2 /* Base */,
			);
			name = LaunchScreen.xib;
			sourceTree = "<group>";
		};
/* End PBXVariantGroup section */

/* Begin XCBuildConfiguration section */
		04A47D631B0A141700CD74C2 /* Debug */ = {
			isa = XCBuildConfiguration;
			buildSettings = {
				ALWAYS_SEARCH_USER_PATHS = NO;
				CLANG_CXX_LANGUAGE_STANDARD = "gnu++0x";
				CLANG_CXX_LIBRARY = "libc++";
				CLANG_ENABLE_MODULES = YES;
				CLANG_ENABLE_OBJC_ARC = YES;
				CLANG_WARN_BOOL_CONVERSION = YES;
				CLANG_WARN_CONSTANT_CONVERSION = YES;
				CLANG_WARN_DIRECT_OBJC_ISA_USAGE = YES_ERROR;
				CLANG_WARN_EMPTY_BODY = YES;
				CLANG_WARN_ENUM_CONVERSION = YES;
				CLANG_WARN_INT_CONVERSION = YES;
				CLANG_WARN_OBJC_ROOT_CLASS = YES_ERROR;
				CLANG_WARN_UNREACHABLE_CODE = YES;
				CLANG_WARN__DUPLICATE_METHOD_MATCH = YES;
				"CODE_SIGN_IDENTITY[sdk=iphoneos*]" = "iPhone Developer";
				COPY_PHASE_STRIP = NO;
				ENABLE_STRICT_OBJC_MSGSEND = YES;
				GCC_C_LANGUAGE_STANDARD = gnu99;
				GCC_DYNAMIC_NO_PIC = NO;
				GCC_OPTIMIZATION_LEVEL = 0;
				GCC_PREPROCESSOR_DEFINITIONS = (
					"DEBUG=1",
					"$(inherited)",
				);
				GCC_SYMBOLS_PRIVATE_EXTERN = NO;
				GCC_WARN_64_TO_32_BIT_CONVERSION = YES;
				GCC_WARN_ABOUT_RETURN_TYPE = YES_ERROR;
				GCC_WARN_UNDECLARED_SELECTOR = YES;
				GCC_WARN_UNINITIALIZED_AUTOS = YES_AGGRESSIVE;
				GCC_WARN_UNUSED_FUNCTION = YES;
				GCC_WARN_UNUSED_VARIABLE = YES;
				IPHONEOS_DEPLOYMENT_TARGET = 8.1;
				MTL_ENABLE_DEBUG_INFO = YES;
				ONLY_ACTIVE_ARCH = YES;
				SDKROOT = iphoneos;
				SWIFT_OPTIMIZATION_LEVEL = "-Onone";
			};
			name = Debug;
		};
		04A47D641B0A141700CD74C2 /* Release */ = {
			isa = XCBuildConfiguration;
			buildSettings = {
				ALWAYS_SEARCH_USER_PATHS = NO;
				CLANG_CXX_LANGUAGE_STANDARD = "gnu++0x";
				CLANG_CXX_LIBRARY = "libc++";
				CLANG_ENABLE_MODULES = YES;
				CLANG_ENABLE_OBJC_ARC = YES;
				CLANG_WARN_BOOL_CONVERSION = YES;
				CLANG_WARN_CONSTANT_CONVERSION = YES;
				CLANG_WARN_DIRECT_OBJC_ISA_USAGE = YES_ERROR;
				CLANG_WARN_EMPTY_BODY = YES;
				CLANG_WARN_ENUM_CONVERSION = YES;
				CLANG_WARN_INT_CONVERSION = YES;
				CLANG_WARN_OBJC_ROOT_CLASS = YES_ERROR;
				CLANG_WARN_UNREACHABLE_CODE = YES;
				CLANG_WARN__DUPLICATE_METHOD_MATCH = YES;
				"CODE_SIGN_IDENTITY[sdk=iphoneos*]" = "iPhone Developer";
				COPY_PHASE_STRIP = YES;
				ENABLE_NS_ASSERTIONS = NO;
				ENABLE_STRICT_OBJC_MSGSEND = YES;
				GCC_C_LANGUAGE_STANDARD = gnu99;
				GCC_WARN_64_TO_32_BIT_CONVERSION = YES;
				GCC_WARN_ABOUT_RETURN_TYPE = YES_ERROR;
				GCC_WARN_UNDECLARED_SELECTOR = YES;
				GCC_WARN_UNINITIALIZED_AUTOS = YES_AGGRESSIVE;
				GCC_WARN_UNUSED_FUNCTION = YES;
				GCC_WARN_UNUSED_VARIABLE = YES;
				IPHONEOS_DEPLOYMENT_TARGET = 8.1;
				MTL_ENABLE_DEBUG_INFO = NO;
				SDKROOT = iphoneos;
				VALIDATE_PRODUCT = YES;
			};
			name = Release;
		};
		04A47D661B0A141700CD74C2 /* Debug */ = {
			isa = XCBuildConfiguration;
			buildSettings = {
				ASSETCATALOG_COMPILER_APPICON_NAME = AppIcon;
				INFOPLIST_FILE = CycleViewDemo/Info.plist;
				LD_RUNPATH_SEARCH_PATHS = "$(inherited) @executable_path/Frameworks";
				PRODUCT_NAME = "$(TARGET_NAME)";
			};
			name = Debug;
		};
		04A47D671B0A141700CD74C2 /* Release */ = {
			isa = XCBuildConfiguration;
			buildSettings = {
				ASSETCATALOG_COMPILER_APPICON_NAME = AppIcon;
				INFOPLIST_FILE = CycleViewDemo/Info.plist;
				LD_RUNPATH_SEARCH_PATHS = "$(inherited) @executable_path/Frameworks";
				PRODUCT_NAME = "$(TARGET_NAME)";
			};
			name = Release;
		};
		04A47D691B0A141700CD74C2 /* Debug */ = {
			isa = XCBuildConfiguration;
			buildSettings = {
				BUNDLE_LOADER = "$(TEST_HOST)";
				FRAMEWORK_SEARCH_PATHS = (
					"$(SDKROOT)/Developer/Library/Frameworks",
					"$(inherited)",
				);
				GCC_PREPROCESSOR_DEFINITIONS = (
					"DEBUG=1",
					"$(inherited)",
				);
				INFOPLIST_FILE = CycleViewDemoTests/Info.plist;
				LD_RUNPATH_SEARCH_PATHS = "$(inherited) @executable_path/Frameworks @loader_path/Frameworks";
				PRODUCT_NAME = "$(TARGET_NAME)";
				TEST_HOST = "$(BUILT_PRODUCTS_DIR)/CycleViewDemo.app/CycleViewDemo";
			};
			name = Debug;
		};
		04A47D6A1B0A141700CD74C2 /* Release */ = {
			isa = XCBuildConfiguration;
			buildSettings = {
				BUNDLE_LOADER = "$(TEST_HOST)";
				FRAMEWORK_SEARCH_PATHS = (
					"$(SDKROOT)/Developer/Library/Frameworks",
					"$(inherited)",
				);
				INFOPLIST_FILE = CycleViewDemoTests/Info.plist;
				LD_RUNPATH_SEARCH_PATHS = "$(inherited) @executable_path/Frameworks @loader_path/Frameworks";
				PRODUCT_NAME = "$(TARGET_NAME)";
				TEST_HOST = "$(BUILT_PRODUCTS_DIR)/CycleViewDemo.app/CycleViewDemo";
			};
			name = Release;
		};
/* End XCBuildConfiguration section */

/* Begin XCConfigurationList section */
		04A47D411B0A141700CD74C2 /* Build configuration list for PBXProject "CycleViewDemo" */ = {
			isa = XCConfigurationList;
			buildConfigurations = (
				04A47D631B0A141700CD74C2 /* Debug */,
				04A47D641B0A141700CD74C2 /* Release */,
			);
			defaultConfigurationIsVisible = 0;
			defaultConfigurationName = Release;
		};
		04A47D651B0A141700CD74C2 /* Build configuration list for PBXNativeTarget "CycleViewDemo" */ = {
			isa = XCConfigurationList;
			buildConfigurations = (
				04A47D661B0A141700CD74C2 /* Debug */,
				04A47D671B0A141700CD74C2 /* Release */,
			);
			defaultConfigurationIsVisible = 0;
			defaultConfigurationName = Release;
		};
		04A47D681B0A141700CD74C2 /* Build configuration list for PBXNativeTarget "CycleViewDemoTests" */ = {
			isa = XCConfigurationList;
			buildConfigurations = (
				04A47D691B0A141700CD74C2 /* Debug */,
				04A47D6A1B0A141700CD74C2 /* Release */,
			);
			defaultConfigurationIsVisible = 0;
			defaultConfigurationName = Release;
		};
/* End XCConfigurationList section */
	};
	rootObject = 04A47D3E1B0A141700CD74C2 /* Project object */;
}
